
Microsoft Visual Studio Solution File, Format Version 12.00
# Visual Studio Version 17
VisualStudioVersion = 17.2.32519.379
MinimumVisualStudioVersion = 10.0.40219.1
Project("{FAE04EC0-301F-11D3-BF4B-00C04F79EFBC}") = "AYO.Helper", "AYO.Helper\AYO.Helper.csproj", "{125C1D5D-65DE-492D-8535-105DF35576D1}"
EndProject
Project("{FAE04EC0-301F-11D3-BF4B-00C04F79EFBC}") = "AYO.UnitTest", "AYO.UnitTest\AYO.UnitTest.csproj", "{92A8B939-8F91-448A-940E-276E269F1188}"
EndProject
Global
	GlobalSection(SolutionConfigurationPlatforms) = preSolution
		Debug|Any CPU = Debug|Any CPU
		Release|Any CPU = Release|Any CPU
	EndGlobalSection
	GlobalSection(ProjectConfigurationPlatforms) = postSolution
		{125C1D5D-65DE-492D-8535-105DF35576D1}.Debug|Any CPU.ActiveCfg = Debug|Any CPU
		{125C1D5D-65DE-492D-8535-105DF35576D1}.Debug|Any CPU.Build.0 = Debug|Any CPU
		{125C1D5D-65DE-492D-8535-105DF35576D1}.Release|Any CPU.ActiveCfg = Release|Any CPU
		{125C1D5D-65DE-492D-8535-105DF35576D1}.Release|Any CPU.Build.0 = Release|Any CPU
		{92A8B939-8F91-448A-940E-276E269F1188}.Debug|Any CPU.ActiveCfg = Debug|Any CPU
		{92A8B939-8F91-448A-940E-276E269F1188}.Debug|Any CPU.Build.0 = Debug|Any CPU
		{92A8B939-8F91-448A-940E-276E269F1188}.Release|Any CPU.ActiveCfg = Release|Any CPU
		{92A8B939-8F91-448A-940E-276E269F1188}.Release|Any CPU.Build.0 = Release|Any CPU
	EndGlobalSection
	GlobalSection(SolutionProperties) = preSolution
		HideSolutionNode = FALSE
	EndGlobalSection
	GlobalSection(ExtensibilityGlobals) = postSolution
		SolutionGuid = {213A96E6-4101-4F7A-A9E9-8120522F15F3}
	EndGlobalSection
EndGlobal
